{
    "_readme": [
        "This file locks the dependencies of your project to a known state",
        "Read more about it at https://getcomposer.org/doc/01-basic-usage.md#installing-dependencies",
        "This file is @generated automatically"
    ],
    "content-hash": "b75e602758221867c28e21d257105584",
    "packages": [
        {
            "name": "afragen/wp-dependency-installer",
            "version": "3.0.0",
            "source": {
                "type": "git",
                "url": "https://github.com/afragen/wp-dependency-installer.git",
                "reference": "70c6131c9a7a475d42de370b12fbe1d5c8bb5aba"
            },
            "dist": {
                "type": "zip",
                "url": "https://api.github.com/repos/afragen/wp-dependency-installer/zipball/70c6131c9a7a475d42de370b12fbe1d5c8bb5aba",
                "reference": "70c6131c9a7a475d42de370b12fbe1d5c8bb5aba",
                "shasum": ""
            },
            "require": {
                "collizo4sky/persist-admin-notices-dismissal": "^1",
                "php": ">=5.6"
            },
            "type": "library",
            "autoload": {
                "classmap": [
                    "wp-dependency-installer.php"
                ]
            },
            "notification-url": "https://packagist.org/downloads/",
            "license": [
                "MIT"
            ],
            "authors": [
                {
                    "name": "Andy Fragen",
                    "email": "andy@thefragens.com",
                    "homepage": "https://thefragens.com",
                    "role": "Developer"
                },
                {
                    "name": "Matt Gibbs",
                    "homepage": "https://facetwp.com",
                    "role": "Developer"
                },
                {
                    "name": "Raruto",
                    "homepage": "https://raruto.github.io",
                    "role": "Developer"
                }
            ],
            "description": "Library that helps WordPress plugin dependency management.",
            "time": "2020-02-28T17:28:54+00:00"
        },
        {
            "name": "collizo4sky/persist-admin-notices-dismissal",
            "version": "1.4.3",
            "source": {
                "type": "git",
                "url": "https://github.com/w3guy/persist-admin-notices-dismissal.git",
                "reference": "2d7d8bb3cba631ad227c92296a4b675d7cbc71d7"
            },
            "dist": {
                "type": "zip",
                "url": "https://api.github.com/repos/w3guy/persist-admin-notices-dismissal/zipball/2d7d8bb3cba631ad227c92296a4b675d7cbc71d7",
                "reference": "2d7d8bb3cba631ad227c92296a4b675d7cbc71d7",
                "shasum": ""
            },
            "type": "library",
            "autoload": {
                "classmap": [
                    "persist-admin-notices-dismissal.php"
                ]
            },
            "notification-url": "https://packagist.org/downloads/",
            "authors": [
                {
                    "name": "Collins Agbonghama",
                    "email": "me@w3guy.com"
                }
            ],
            "description": "Simple library to persist dismissal of admin notices across pages in WordPress dashboard.",
            "time": "2019-03-12T05:19:51+00:00"
        },
        {
            "name": "norcross/debug-quick-look",
            "version": "0.1.5",
            "dist": {
                "type": "zip",
                "url": "https://github.com/afragen/debug-quick-look/archive/vendor.zip"
            },
            "type": "library",
            "autoload": {
                "files": [
                    "debug-quick-look.php"
                ]
            }
        },
        {
            "name": "wp-cli/wp-config-transformer",
            "version": "v1.2.7",
            "source": {
                "type": "git",
                "url": "https://github.com/wp-cli/wp-config-transformer.git",
                "reference": "bae1e975ed1277470e3dcc7fd0ef99c2d4f4c7a8"
            },
            "dist": {
                "type": "zip",
                "url": "https://api.github.com/repos/wp-cli/wp-config-transformer/zipball/bae1e975ed1277470e3dcc7fd0ef99c2d4f4c7a8",
                "reference": "bae1e975ed1277470e3dcc7fd0ef99c2d4f4c7a8",
                "shasum": ""
            },
            "require": {
                "php": ">=5.3.29"
            },
            "require-dev": {
                "composer/composer": "^1.5.6",
                "phpunit/phpunit": "^6.5.5 || ^7.0.0",
                "wp-coding-standards/wpcs": "^0.14.0 || ^1.0.0 || ^2.0.0"
            },
            "type": "library",
            "autoload": {
                "files": [
                    "src/WPConfigTransformer.php"
                ]
            },
            "notification-url": "https://packagist.org/downloads/",
            "license": [
                "MIT"
            ],
            "authors": [
                {
                    "name": "Frankie Jarrett",
                    "email": "fjarrett@gmail.com"
                }
            ],
            "description": "Programmatically edit a wp-config.php file.",
            "time": "2020-07-05T12:30:35+00:00"
        }
    ],
    "packages-dev": [],
    "aliases": [],
    "minimum-stability": "stable",
    "stability-flags": [],
    "prefer-stable": true,
    "prefer-lowest": false,
    "platform": {
        "php": ">=5.6"
    },
    "platform-dev": [],
    "plugin-api-version": "1.1.0"
}
