{
    "_readme": [
        "This file locks the dependencies of your project to a known state",
        "Read more about it at https://getcomposer.org/doc/01-basic-usage.md#installing-dependencies",
        "This file is @generated automatically"
    ],
    "content-hash": "690d24336790f7c928d70f9eb27c955a",
    "packages": [
        {
            "name": "afragen/wp-dependency-installer",
            "version": "4.0.0",
            "source": {
                "type": "git",
                "url": "https://github.com/afragen/wp-dependency-installer.git",
                "reference": "7d058f25e043180b390551395089d74c931a5e55"
            },
            "dist": {
                "type": "zip",
                "url": "https://api.github.com/repos/afragen/wp-dependency-installer/zipball/7d058f25e043180b390551395089d74c931a5e55",
                "reference": "7d058f25e043180b390551395089d74c931a5e55",
                "shasum": ""
            },
            "require": {
                "afragen/wp-dismiss-notice": "*",
                "php": ">=5.6"
            },
            "type": "library",
            "autoload": {
                "classmap": [
                    "wp-dependency-installer.php"
                ]
            },
            "notification-url": "https://packagist.org/downloads/",
            "license": [
                "MIT"
            ],
            "authors": [
                {
                    "name": "Andy Fragen",
                    "email": "andy@thefragens.com",
                    "homepage": "https://thefragens.com",
                    "role": "Developer"
                },
                {
                    "name": "Matt Gibbs",
                    "homepage": "https://facetwp.com",
                    "role": "Developer"
                },
                {
                    "name": "Raruto",
                    "homepage": "https://raruto.github.io",
                    "role": "Developer"
                }
            ],
            "description": "Library that helps WordPress plugin dependency management.",
            "support": {
                "issues": "https://github.com/afragen/wp-dependency-installer/issues",
                "source": "https://github.com/afragen/wp-dependency-installer"
            },
            "funding": [
                {
                    "url": "https://github.com/afragen",
                    "type": "github"
                }
            ],
            "time": "2021-09-23T21:12:37+00:00"
        },
        {
            "name": "afragen/wp-dismiss-notice",
            "version": "0.2.0",
            "source": {
                "type": "git",
                "url": "https://github.com/afragen/wp-dismiss-notice.git",
                "reference": "94946fcb6d46dd0387f411ed5b4b7b66b8421fef"
            },
            "dist": {
                "type": "zip",
                "url": "https://api.github.com/repos/afragen/wp-dismiss-notice/zipball/94946fcb6d46dd0387f411ed5b4b7b66b8421fef",
                "reference": "94946fcb6d46dd0387f411ed5b4b7b66b8421fef",
                "shasum": ""
            },
            "require": {
                "php": ">=5.6"
            },
            "type": "library",
            "autoload": {
                "classmap": [
                    "wp-dismiss-notice.php"
                ]
            },
            "notification-url": "https://packagist.org/downloads/",
            "license": [
                "MIT"
            ],
            "authors": [
                {
                    "name": "Andy Fragen",
                    "email": "andy@thefragens.com",
                    "homepage": "https://thefragens.com",
                    "role": "Developer"
                }
            ],
            "description": "Library for time dismissible WordPress admin notices.",
            "support": {
                "issues": "https://github.com/afragen/wp-dismiss-notice/issues",
                "source": "https://github.com/afragen/wp-dismiss-notice"
            },
            "time": "2021-09-23T21:04:35+00:00"
        },
        {
            "name": "norcross/debug-quick-look",
            "version": "0.1.7",
            "dist": {
                "type": "zip",
                "url": "https://github.com/afragen/debug-quick-look/archive/vendor.zip"
            },
            "type": "library",
            "autoload": {
                "files": [
                    "debug-quick-look.php"
                ]
            }
        },
        {
            "name": "wp-cli/wp-config-transformer",
            "version": "v1.2.8",
            "source": {
                "type": "git",
                "url": "https://github.com/wp-cli/wp-config-transformer.git",
                "reference": "0bb2b9162c38ca72370380aea11dc06e431e13a5"
            },
            "dist": {
                "type": "zip",
                "url": "https://api.github.com/repos/wp-cli/wp-config-transformer/zipball/0bb2b9162c38ca72370380aea11dc06e431e13a5",
                "reference": "0bb2b9162c38ca72370380aea11dc06e431e13a5",
                "shasum": ""
            },
            "require": {
                "php": ">=5.3.29"
            },
            "require-dev": {
                "composer/composer": ">=1.5.6 <1.7.0 || ^1.7.1 || ^2.0.0",
                "phpunit/phpunit": "^6.5.5 || ^7.0.0",
                "wp-coding-standards/wpcs": "^0.14.0 || ^1.0.0 || ^2.0.0"
            },
            "type": "library",
            "autoload": {
                "files": [
                    "src/WPConfigTransformer.php"
                ]
            },
            "notification-url": "https://packagist.org/downloads/",
            "license": [
                "MIT"
            ],
            "authors": [
                {
                    "name": "Frankie Jarrett",
                    "email": "fjarrett@gmail.com"
                }
            ],
            "description": "Programmatically edit a wp-config.php file.",
            "support": {
                "issues": "https://github.com/wp-cli/wp-config-transformer/issues",
                "source": "https://github.com/wp-cli/wp-config-transformer/tree/v1.2.8"
            },
            "time": "2020-11-12T08:08:10+00:00"
        }
    ],
    "packages-dev": [],
    "aliases": [],
    "minimum-stability": "stable",
    "stability-flags": [],
    "prefer-stable": true,
    "prefer-lowest": false,
    "platform": {
        "php": ">=5.6"
    },
    "platform-dev": [],
    "plugin-api-version": "2.1.0"
}
