{
    "_readme": [
        "This file locks the dependencies of your project to a known state",
        "Read more about it at https://getcomposer.org/doc/01-basic-usage.md#installing-dependencies",
        "This file is @generated automatically"
    ],
    "content-hash": "4c14567d0ac4c2541429d223112b2038",
    "packages": [
        {
            "name": "afragen/wp-dependency-installer",
            "version": "1.4.6",
            "source": {
                "type": "git",
                "url": "https://github.com/afragen/wp-dependency-installer.git",
                "reference": "1655421b550636bdefc3bd5daf7cc28cd01e5ad8"
            },
            "dist": {
                "type": "zip",
                "url": "https://api.github.com/repos/afragen/wp-dependency-installer/zipball/1655421b550636bdefc3bd5daf7cc28cd01e5ad8",
                "reference": "1655421b550636bdefc3bd5daf7cc28cd01e5ad8",
                "shasum": ""
            },
            "require": {
                "collizo4sky/persist-admin-notices-dismissal": "^1",
                "php": ">=5.3"
            },
            "type": "library",
            "autoload": {
                "files": [
                    "wp-dependency-installer.php"
                ]
            },
            "notification-url": "https://packagist.org/downloads/",
            "license": [
                "MIT"
            ],
            "authors": [
                {
                    "name": "Matt Gibbs",
                    "role": "Developer"
                },
                {
                    "name": "Andy Fragen",
                    "email": "andy@thefragens.com",
                    "homepage": "https://thefragens.com",
                    "role": "Developer"
                }
            ],
            "description": "Library that helps WordPress plugin dependency management.",
            "time": "2018-11-05T00:43:30+00:00"
        },
        {
            "name": "collizo4sky/persist-admin-notices-dismissal",
            "version": "1.4.1",
            "source": {
                "type": "git",
                "url": "https://github.com/collizo4sky/persist-admin-notices-dismissal.git",
                "reference": "5c77ea58c30318041d321b0f7e33586e262eac0b"
            },
            "dist": {
                "type": "zip",
                "url": "https://api.github.com/repos/collizo4sky/persist-admin-notices-dismissal/zipball/5c77ea58c30318041d321b0f7e33586e262eac0b",
                "reference": "5c77ea58c30318041d321b0f7e33586e262eac0b",
                "shasum": ""
            },
            "type": "library",
            "autoload": {
                "files": [
                    "persist-admin-notices-dismissal.php"
                ]
            },
            "notification-url": "https://packagist.org/downloads/",
            "authors": [
                {
                    "name": "Collins Agbonghama",
                    "email": "me@w3guy.com"
                }
            ],
            "description": "Simple library to persist dismissal of admin notices across pages in WordPress dashboard.",
            "time": "2018-10-24T14:32:02+00:00"
        }
    ],
    "packages-dev": [],
    "aliases": [],
    "minimum-stability": "stable",
    "stability-flags": [],
    "prefer-stable": true,
    "prefer-lowest": false,
    "platform": {
        "php": ">=5.6"
    },
    "platform-dev": []
}
